# THIS IS AN AUTOGENERATED FILE. DO NOT EDIT THIS FILE DIRECTLY.
# yarn lockfile v1


"@babel/runtime@^7.10.4", "@babel/runtime@^7.3.1":
  version "7.27.0"
  resolved "https://registry.yarnpkg.com/@babel/runtime/-/runtime-7.27.0.tgz#fbee7cf97c709518ecc1f590984481d5460d4762"
  integrity sha512-VtPOkrdPHZsKc/clNqyi9WUA8TINkZ4cGk63UUE3u4pmB2k+ZMQRDuIOagv8UVd6j7k0T3+RRIb7beKTebNbcw==
  dependencies:
    regenerator-runtime "^0.14.0"

"@emnapi/runtime@^1.7.0":
  version "1.7.1"
  resolved "https://registry.yarnpkg.com/@emnapi/runtime/-/runtime-1.7.1.tgz#a73784e23f5d57287369c808197288b52276b791"
  integrity sha512-PVtJr5CmLwYAU9PZDMITZoR5iAOShYREoR45EyyLrbntV50mdePTgUn4AmOw90Ifcj+x2kRjdzr1HP3RrNiHGA==
  dependencies:
    tslib "^2.4.0"

"@emotion/is-prop-valid@1.2.2":
  version "1.2.2"
  resolved "https://registry.yarnpkg.com/@emotion/is-prop-valid/-/is-prop-valid-1.2.2.tgz#d4175076679c6a26faa92b03bb786f9e52612337"
  integrity sha512-uNsoYd37AFmaCdXlg6EYD1KaPOaRWRByMCYzbKUX4+hhMfrxdVSelShywL4JVaAeM/eHUOSprYBQls+/neX3pw==
  dependencies:
    "@emotion/memoize" "^0.8.1"

"@emotion/memoize@^0.8.1":
  version "0.8.1"
  resolved "https://registry.yarnpkg.com/@emotion/memoize/-/memoize-0.8.1.tgz#c1ddb040429c6d21d38cc945fe75c818cfb68e17"
  integrity sha512-W2P2c/VRW1/1tLox0mVUalvnWXxavmv/Oum2aPsRcoDJuob75FC3Y8FbpfLwUegRcxINtGUMPq0tFCvYNTBXNA==

"@emotion/unitless@0.8.1":
  version "0.8.1"
  resolved "https://registry.yarnpkg.com/@emotion/unitless/-/unitless-0.8.1.tgz#182b5a4704ef8ad91bde93f7a860a88fd92c79a3"
  integrity sha512-KOEGMu6dmJZtpadb476IsZBclKvILjopjUii3V+7MnXIQCYh8W3NgNcgwo21n9LXZX6EDIKvqfjYxXebDwxKmQ==

"@img/colour@^1.0.0":
  version "1.0.0"
  resolved "https://registry.yarnpkg.com/@img/colour/-/colour-1.0.0.tgz#d2fabb223455a793bf3bf9c70de3d28526aa8311"
  integrity sha512-A5P/LfWGFSl6nsckYtjw9da+19jB8hkJ6ACTGcDfEJ0aE+l2n2El7dsVM7UVHZQ9s2lmYMWlrS21YLy2IR1LUw==

"@img/sharp-darwin-arm64@0.34.5":
  version "0.34.5"
  resolved "https://registry.yarnpkg.com/@img/sharp-darwin-arm64/-/sharp-darwin-arm64-0.34.5.tgz#6e0732dcade126b6670af7aa17060b926835ea86"
  integrity sha512-imtQ3WMJXbMY4fxb/Ndp6HBTNVtWCUI0WdobyheGf5+ad6xX8VIDO8u2xE4qc/fr08CKG/7dDseFtn6M6g/r3w==
  optionalDependencies:
    "@img/sharp-libvips-darwin-arm64" "1.2.4"

"@img/sharp-darwin-x64@0.34.5":
  version "0.34.5"
  resolved "https://registry.yarnpkg.com/@img/sharp-darwin-x64/-/sharp-darwin-x64-0.34.5.tgz#19bc1dd6eba6d5a96283498b9c9f401180ee9c7b"
  integrity sha512-YNEFAF/4KQ/PeW0N+r+aVVsoIY0/qxxikF2SWdp+NRkmMB7y9LBZAVqQ4yhGCm/H3H270OSykqmQMKLBhBJDEw==
  optionalDependencies:
    "@img/sharp-libvips-darwin-x64" "1.2.4"

"@img/sharp-libvips-darwin-arm64@1.2.4":
  version "1.2.4"
  resolved "https://registry.yarnpkg.com/@img/sharp-libvips-darwin-arm64/-/sharp-libvips-darwin-arm64-1.2.4.tgz#2894c0cb87d42276c3889942e8e2db517a492c43"
  integrity sha512-zqjjo7RatFfFoP0MkQ51jfuFZBnVE2pRiaydKJ1G/rHZvnsrHAOcQALIi9sA5co5xenQdTugCvtb1cuf78Vf4g==

"@img/sharp-libvips-darwin-x64@1.2.4":
  version "1.2.4"
  resolved "https://registry.yarnpkg.com/@img/sharp-libvips-darwin-x64/-/sharp-libvips-darwin-x64-1.2.4.tgz#e63681f4539a94af9cd17246ed8881734386f8cc"
  integrity sha512-1IOd5xfVhlGwX+zXv2N93k0yMONvUlANylbJw1eTah8K/Jtpi15KC+WSiaX/nBmbm2HxRM1gZ0nSdjSsrZbGKg==

"@img/sharp-libvips-linux-arm64@1.2.4":
  version "1.2.4"
  resolved "https://registry.yarnpkg.com/@img/sharp-libvips-linux-arm64/-/sharp-libvips-linux-arm64-1.2.4.tgz#b1b288b36864b3bce545ad91fa6dadcf1a4ad318"
  integrity sha512-excjX8DfsIcJ10x1Kzr4RcWe1edC9PquDRRPx3YVCvQv+U5p7Yin2s32ftzikXojb1PIFc/9Mt28/y+iRklkrw==

"@img/sharp-libvips-linux-arm@1.2.4":
  version "1.2.4"
  resolved "https://registry.yarnpkg.com/@img/sharp-libvips-linux-arm/-/sharp-libvips-linux-arm-1.2.4.tgz#b9260dd1ebe6f9e3bdbcbdcac9d2ac125f35852d"
  integrity sha512-bFI7xcKFELdiNCVov8e44Ia4u2byA+l3XtsAj+Q8tfCwO6BQ8iDojYdvoPMqsKDkuoOo+X6HZA0s0q11ANMQ8A==

"@img/sharp-libvips-linux-ppc64@1.2.4":
  version "1.2.4"
  resolved "https://registry.yarnpkg.com/@img/sharp-libvips-linux-ppc64/-/sharp-libvips-linux-ppc64-1.2.4.tgz#4b83ecf2a829057222b38848c7b022e7b4d07aa7"
  integrity sha512-FMuvGijLDYG6lW+b/UvyilUWu5Ayu+3r2d1S8notiGCIyYU/76eig1UfMmkZ7vwgOrzKzlQbFSuQfgm7GYUPpA==

"@img/sharp-libvips-linux-riscv64@1.2.4":
  version "1.2.4"
  resolved "https://registry.yarnpkg.com/@img/sharp-libvips-linux-riscv64/-/sharp-libvips-linux-riscv64-1.2.4.tgz#880b4678009e5a2080af192332b00b0aaf8a48de"
  integrity sha512-oVDbcR4zUC0ce82teubSm+x6ETixtKZBh/qbREIOcI3cULzDyb18Sr/Wcyx7NRQeQzOiHTNbZFF1UwPS2scyGA==

"@img/sharp-libvips-linux-s390x@1.2.4":
  version "1.2.4"
  resolved "https://registry.yarnpkg.com/@img/sharp-libvips-linux-s390x/-/sharp-libvips-linux-s390x-1.2.4.tgz#74f343c8e10fad821b38f75ced30488939dc59ec"
  integrity sha512-qmp9VrzgPgMoGZyPvrQHqk02uyjA0/QrTO26Tqk6l4ZV0MPWIW6LTkqOIov+J1yEu7MbFQaDpwdwJKhbJvuRxQ==

"@img/sharp-libvips-linux-x64@1.2.4":
  version "1.2.4"
  resolved "https://registry.yarnpkg.com/@img/sharp-libvips-linux-x64/-/sharp-libvips-linux-x64-1.2.4.tgz#df4183e8bd8410f7d61b66859a35edeab0a531ce"
  integrity sha512-tJxiiLsmHc9Ax1bz3oaOYBURTXGIRDODBqhveVHonrHJ9/+k89qbLl0bcJns+e4t4rvaNBxaEZsFtSfAdquPrw==

"@img/sharp-libvips-linuxmusl-arm64@1.2.4":
  version "1.2.4"
  resolved "https://registry.yarnpkg.com/@img/sharp-libvips-linuxmusl-arm64/-/sharp-libvips-linuxmusl-arm64-1.2.4.tgz#c8d6b48211df67137541007ee8d1b7b1f8ca8e06"
  integrity sha512-FVQHuwx1IIuNow9QAbYUzJ+En8KcVm9Lk5+uGUQJHaZmMECZmOlix9HnH7n1TRkXMS0pGxIJokIVB9SuqZGGXw==

"@img/sharp-libvips-linuxmusl-x64@1.2.4":
  version "1.2.4"
  resolved "https://registry.yarnpkg.com/@img/sharp-libvips-linuxmusl-x64/-/sharp-libvips-linuxmusl-x64-1.2.4.tgz#be11c75bee5b080cbee31a153a8779448f919f75"
  integrity sha512-+LpyBk7L44ZIXwz/VYfglaX/okxezESc6UxDSoyo2Ks6Jxc4Y7sGjpgU9s4PMgqgjj1gZCylTieNamqA1MF7Dg==

"@img/sharp-linux-arm64@0.34.5":
  version "0.34.5"
  resolved "https://registry.yarnpkg.com/@img/sharp-linux-arm64/-/sharp-linux-arm64-0.34.5.tgz#7aa7764ef9c001f15e610546d42fce56911790cc"
  integrity sha512-bKQzaJRY/bkPOXyKx5EVup7qkaojECG6NLYswgktOZjaXecSAeCWiZwwiFf3/Y+O1HrauiE3FVsGxFg8c24rZg==
  optionalDependencies:
    "@img/sharp-libvips-linux-arm64" "1.2.4"

"@img/sharp-linux-arm@0.34.5":
  version "0.34.5"
  resolved "https://registry.yarnpkg.com/@img/sharp-linux-arm/-/sharp-linux-arm-0.34.5.tgz#5fb0c3695dd12522d39c3ff7a6bc816461780a0d"
  integrity sha512-9dLqsvwtg1uuXBGZKsxem9595+ujv0sJ6Vi8wcTANSFpwV/GONat5eCkzQo/1O6zRIkh0m/8+5BjrRr7jDUSZw==
  optionalDependencies:
    "@img/sharp-libvips-linux-arm" "1.2.4"

"@img/sharp-linux-ppc64@0.34.5":
  version "0.34.5"
  resolved "https://registry.yarnpkg.com/@img/sharp-linux-ppc64/-/sharp-linux-ppc64-0.34.5.tgz#9c213a81520a20caf66978f3d4c07456ff2e0813"
  integrity sha512-7zznwNaqW6YtsfrGGDA6BRkISKAAE1Jo0QdpNYXNMHu2+0dTrPflTLNkpc8l7MUP5M16ZJcUvysVWWrMefZquA==
  optionalDependencies:
    "@img/sharp-libvips-linux-ppc64" "1.2.4"

"@img/sharp-linux-riscv64@0.34.5":
  version "0.34.5"
  resolved "https://registry.yarnpkg.com/@img/sharp-linux-riscv64/-/sharp-linux-riscv64-0.34.5.tgz#cdd28182774eadbe04f62675a16aabbccb833f60"
  integrity sha512-51gJuLPTKa7piYPaVs8GmByo7/U7/7TZOq+cnXJIHZKavIRHAP77e3N2HEl3dgiqdD/w0yUfiJnII77PuDDFdw==
  optionalDependencies:
    "@img/sharp-libvips-linux-riscv64" "1.2.4"

"@img/sharp-linux-s390x@0.34.5":
  version "0.34.5"
  resolved "https://registry.yarnpkg.com/@img/sharp-linux-s390x/-/sharp-linux-s390x-0.34.5.tgz#93eac601b9f329bb27917e0e19098c722d630df7"
  integrity sha512-nQtCk0PdKfho3eC5MrbQoigJ2gd1CgddUMkabUj+rBevs8tZ2cULOx46E7oyX+04WGfABgIwmMC0VqieTiR4jg==
  optionalDependencies:
    "@img/sharp-libvips-linux-s390x" "1.2.4"

"@img/sharp-linux-x64@0.34.5":
  version "0.34.5"
  resolved "https://registry.yarnpkg.com/@img/sharp-linux-x64/-/sharp-linux-x64-0.34.5.tgz#55abc7cd754ffca5002b6c2b719abdfc846819a8"
  integrity sha512-MEzd8HPKxVxVenwAa+JRPwEC7QFjoPWuS5NZnBt6B3pu7EG2Ge0id1oLHZpPJdn3OQK+BQDiw9zStiHBTJQQQQ==
  optionalDependencies:
    "@img/sharp-libvips-linux-x64" "1.2.4"

"@img/sharp-linuxmusl-arm64@0.34.5":
  version "0.34.5"
  resolved "https://registry.yarnpkg.com/@img/sharp-linuxmusl-arm64/-/sharp-linuxmusl-arm64-0.34.5.tgz#d6515ee971bb62f73001a4829b9d865a11b77086"
  integrity sha512-fprJR6GtRsMt6Kyfq44IsChVZeGN97gTD331weR1ex1c1rypDEABN6Tm2xa1wE6lYb5DdEnk03NZPqA7Id21yg==
  optionalDependencies:
    "@img/sharp-libvips-linuxmusl-arm64" "1.2.4"

"@img/sharp-linuxmusl-x64@0.34.5":
  version "0.34.5"
  resolved "https://registry.yarnpkg.com/@img/sharp-linuxmusl-x64/-/sharp-linuxmusl-x64-0.34.5.tgz#d97978aec7c5212f999714f2f5b736457e12ee9f"
  integrity sha512-Jg8wNT1MUzIvhBFxViqrEhWDGzqymo3sV7z7ZsaWbZNDLXRJZoRGrjulp60YYtV4wfY8VIKcWidjojlLcWrd8Q==
  optionalDependencies:
    "@img/sharp-libvips-linuxmusl-x64" "1.2.4"

"@img/sharp-wasm32@0.34.5":
  version "0.34.5"
  resolved "https://registry.yarnpkg.com/@img/sharp-wasm32/-/sharp-wasm32-0.34.5.tgz#2f15803aa626f8c59dd7c9d0bbc766f1ab52cfa0"
  integrity sha512-OdWTEiVkY2PHwqkbBI8frFxQQFekHaSSkUIJkwzclWZe64O1X4UlUjqqqLaPbUpMOQk6FBu/HtlGXNblIs0huw==
  dependencies:
    "@emnapi/runtime" "^1.7.0"

"@img/sharp-win32-arm64@0.34.5":
  version "0.34.5"
  resolved "https://registry.yarnpkg.com/@img/sharp-win32-arm64/-/sharp-win32-arm64-0.34.5.tgz#3706e9e3ac35fddfc1c87f94e849f1b75307ce0a"
  integrity sha512-WQ3AgWCWYSb2yt+IG8mnC6Jdk9Whs7O0gxphblsLvdhSpSTtmu69ZG1Gkb6NuvxsNACwiPV6cNSZNzt0KPsw7g==

"@img/sharp-win32-ia32@0.34.5":
  version "0.34.5"
  resolved "https://registry.yarnpkg.com/@img/sharp-win32-ia32/-/sharp-win32-ia32-0.34.5.tgz#0b71166599b049e032f085fb9263e02f4e4788de"
  integrity sha512-FV9m/7NmeCmSHDD5j4+4pNI8Cp3aW+JvLoXcTUo0IqyjSfAZJ8dIUmijx1qaJsIiU+Hosw6xM5KijAWRJCSgNg==

"@img/sharp-win32-x64@0.34.5":
  version "0.34.5"
  resolved "https://registry.yarnpkg.com/@img/sharp-win32-x64/-/sharp-win32-x64-0.34.5.tgz#a81ffb00e69267cd0a1d626eaedb8a8430b2b2f8"
  integrity sha512-+29YMsqY2/9eFEiW93eqWnuLcWcufowXewwSNIT6UwZdUUCrM3oFjMWH/Z6/TMmb4hlFenmfAVbpWeup2jryCw==

"@next/env@16.0.7":
  version "16.0.7"
  resolved "https://registry.yarnpkg.com/@next/env/-/env-16.0.7.tgz#eda56377a865d890d25122257d2b8a85b81d6d3d"
  integrity sha512-gpaNgUh5nftFKRkRQGnVi5dpcYSKGcZZkQffZ172OrG/XkrnS7UBTQ648YY+8ME92cC4IojpI2LqTC8sTDhAaw==

"@next/swc-darwin-arm64@16.0.7":
  version "16.0.7"
  resolved "https://registry.yarnpkg.com/@next/swc-darwin-arm64/-/swc-darwin-arm64-16.0.7.tgz#ffe8afc902807e409f16a5f585dc4cb683804931"
  integrity sha512-LlDtCYOEj/rfSnEn/Idi+j1QKHxY9BJFmxx7108A6D8K0SB+bNgfYQATPk/4LqOl4C0Wo3LACg2ie6s7xqMpJg==

"@next/swc-darwin-x64@16.0.7":
  version "16.0.7"
  resolved "https://registry.yarnpkg.com/@next/swc-darwin-x64/-/swc-darwin-x64-16.0.7.tgz#ec5fd15ae391e1af9f152881f559bffaa24524e7"
  integrity sha512-rtZ7BhnVvO1ICf3QzfW9H3aPz7GhBrnSIMZyr4Qy6boXF0b5E3QLs+cvJmg3PsTCG2M1PBoC+DANUi4wCOKXpA==

"@next/swc-linux-arm64-gnu@16.0.7":
  version "16.0.7"
  resolved "https://registry.yarnpkg.com/@next/swc-linux-arm64-gnu/-/swc-linux-arm64-gnu-16.0.7.tgz#22be26ee7544f68aa916159b823899b67b09f0a6"
  integrity sha512-mloD5WcPIeIeeZqAIP5c2kdaTa6StwP4/2EGy1mUw8HiexSHGK/jcM7lFuS3u3i2zn+xH9+wXJs6njO7VrAqww==

"@next/swc-linux-arm64-musl@16.0.7":
  version "16.0.7"
  resolved "https://registry.yarnpkg.com/@next/swc-linux-arm64-musl/-/swc-linux-arm64-musl-16.0.7.tgz#1b34103951456e5d6766710e4f16dadbd7745bed"
  integrity sha512-+ksWNrZrthisXuo9gd1XnjHRowCbMtl/YgMpbRvFeDEqEBd523YHPWpBuDjomod88U8Xliw5DHhekBC3EOOd9g==

"@next/swc-linux-x64-gnu@16.0.7":
  version "16.0.7"
  resolved "https://registry.yarnpkg.com/@next/swc-linux-x64-gnu/-/swc-linux-x64-gnu-16.0.7.tgz#b45e1fa7aaf844269e0932c4cde49bb6b0817ce9"
  integrity sha512-4WtJU5cRDxpEE44Ana2Xro1284hnyVpBb62lIpU5k85D8xXxatT+rXxBgPkc7C1XwkZMWpK5rXLXTh9PFipWsA==

"@next/swc-linux-x64-musl@16.0.7":
  version "16.0.7"
  resolved "https://registry.yarnpkg.com/@next/swc-linux-x64-musl/-/swc-linux-x64-musl-16.0.7.tgz#c5376fd78ca97a911e2bbfb9b26dc623b54edfab"
  integrity sha512-HYlhqIP6kBPXalW2dbMTSuB4+8fe+j9juyxwfMwCe9kQPPeiyFn7NMjNfoFOfJ2eXkeQsoUGXg+O2SE3m4Qg2w==

"@next/swc-win32-arm64-msvc@16.0.7":
  version "16.0.7"
  resolved "https://registry.yarnpkg.com/@next/swc-win32-arm64-msvc/-/swc-win32-arm64-msvc-16.0.7.tgz#2cf27e275ddd8d04f89391a9cdf6790cccb3bf09"
  integrity sha512-EviG+43iOoBRZg9deGauXExjRphhuYmIOJ12b9sAPy0eQ6iwcPxfED2asb/s2/yiLYOdm37kPaiZu8uXSYPs0Q==

"@next/swc-win32-x64-msvc@16.0.7":
  version "16.0.7"
  resolved "https://registry.yarnpkg.com/@next/swc-win32-x64-msvc/-/swc-win32-x64-msvc-16.0.7.tgz#e9e38fcca752902542c25c527e532af71e9ca812"
  integrity sha512-gniPjy55zp5Eg0896qSrf3yB1dw4F/3s8VK1ephdsZZ129j2n6e1WqCbE2YgcKhW9hPB9TVZENugquWJD5x0ug==

"@swc/helpers@0.5.15":
  version "0.5.15"
  resolved "https://registry.yarnpkg.com/@swc/helpers/-/helpers-0.5.15.tgz#79efab344c5819ecf83a43f3f9f811fc84b516d7"
  integrity sha512-JQ5TuMi45Owi4/BIMAJBoSQoOJu12oOk/gADqlcUL9JEdHB8vyjUSsxqeNXnmXHjYKMi2WcYtezGEEhqUI/E2g==
  dependencies:
    tslib "^2.8.0"

"@types/hast@^2.0.0":
  version "2.3.10"
  resolved "https://registry.yarnpkg.com/@types/hast/-/hast-2.3.10.tgz#5c9d9e0b304bbb8879b857225c5ebab2d81d7643"
  integrity sha512-McWspRw8xx8J9HurkVBfYj0xKoE25tOFlHGdx4MJ5xORQrMGZNqJhVQWaIbm6Oyla5kYOXtDiopzKRJzEOkwJw==
  dependencies:
    "@types/unist" "^2"

"@types/node@latest":
  version "22.14.1"
  resolved "https://registry.yarnpkg.com/@types/node/-/node-22.14.1.tgz#53b54585cec81c21eee3697521e31312d6ca1e6f"
  integrity sha512-u0HuPQwe/dHrItgHHpmw3N2fYCR6x4ivMNbPHRkBVP4CvN+kiRrKHWk3i8tXiO/joPwXLMYvF9TTF0eqgHIuOw==
  dependencies:
    undici-types "~6.21.0"

"@types/react@latest":
  version "19.1.2"
  resolved "https://registry.yarnpkg.com/@types/react/-/react-19.1.2.tgz#11df86f66f188f212c90ecb537327ec68bfd593f"
  integrity sha512-oxLPMytKchWGbnQM9O7D67uPa9paTNxO7jVoNMXgkkErULBPhPARCfkKL9ytcIJJRGjbsVwW4ugJzyFFvm/Tiw==
  dependencies:
    csstype "^3.0.2"

"@types/stylis@4.2.5":
  version "4.2.5"
  resolved "https://registry.yarnpkg.com/@types/stylis/-/stylis-4.2.5.tgz#1daa6456f40959d06157698a653a9ab0a70281df"
  integrity sha512-1Xve+NMN7FWjY14vLoY5tL3BVEQ/n42YLwaqJIPYhotZ9uBHt87VceMwWQpzmdEt2TNXIorIFG+YeCUUW7RInw==

"@types/unist@^2":
  version "2.0.11"
  resolved "https://registry.yarnpkg.com/@types/unist/-/unist-2.0.11.tgz#11af57b127e32487774841f7a4e54eab166d03c4"
  integrity sha512-CmBKiL6NNo/OqgmMn95Fk9Whlp2mtvIv+KNpQKN2F4SjvrEesubTRWGYSg+BnWZOnlCaSTU1sMpsBOzgbYhnsA==

camelize@^1.0.0:
  version "1.0.1"
  resolved "https://registry.yarnpkg.com/camelize/-/camelize-1.0.1.tgz#89b7e16884056331a35d6b5ad064332c91daa6c3"
  integrity sha512-dU+Tx2fsypxTgtLoE36npi3UqcjSSMNYfkqgmoEhtZrraP5VWq0K7FkWVTYa8eMPtnU/G2txVsfdCJTn9uzpuQ==

caniuse-lite@^1.0.30001579:
  version "1.0.30001715"
  resolved "https://registry.yarnpkg.com/caniuse-lite/-/caniuse-lite-1.0.30001715.tgz#bd325a37ad366e3fe90827d74062807a34fbaeb2"
  integrity sha512-7ptkFGMm2OAOgvZpwgA4yjQ5SQbrNVGdRjzH0pBdy1Fasvcr+KAeECmbCAECzTuDuoX0FCY8KzUxjf9+9kfZEw==

character-entities-legacy@^1.0.0:
  version "1.1.4"
  resolved "https://registry.yarnpkg.com/character-entities-legacy/-/character-entities-legacy-1.1.4.tgz#94bc1845dce70a5bb9d2ecc748725661293d8fc1"
  integrity sha512-3Xnr+7ZFS1uxeiUDvV02wQ+QDbc55o97tIV5zHScSPJpcLm/r0DFPcoY3tYRp+VZukxuMeKgXYmsXQHO05zQeA==

character-entities@^1.0.0:
  version "1.2.4"
  resolved "https://registry.yarnpkg.com/character-entities/-/character-entities-1.2.4.tgz#e12c3939b7eaf4e5b15e7ad4c5e28e1d48c5b16b"
  integrity sha512-iBMyeEHxfVnIakwOuDXpVkc54HijNgCyQB2w0VfGQThle6NXn50zU6V/u+LDhxHcDUPojn6Kpga3PTAD8W1bQw==

character-reference-invalid@^1.0.0:
  version "1.1.4"
  resolved "https://registry.yarnpkg.com/character-reference-invalid/-/character-reference-invalid-1.1.4.tgz#083329cda0eae272ab3dbbf37e9a382c13af1560"
  integrity sha512-mKKUkUbhPpQlCOfIuZkvSEgktjPFIsZKRRbC6KWVEMvlzblj3i3asQv5ODsrwt0N3pHAEvjP8KTQPHkp0+6jOg==

client-only@0.0.1:
  version "0.0.1"
  resolved "https://registry.yarnpkg.com/client-only/-/client-only-0.0.1.tgz#38bba5d403c41ab150bff64a95c85013cf73bca1"
  integrity sha512-IV3Ou0jSMzZrd3pZ48nLkT9DA7Ag1pnPzaiQhpW7c3RbcqqzvzzVu+L8gfqMp/8IM2MQtSiqaCxrrcfu8I8rMA==

comma-separated-tokens@^1.0.0:
  version "1.0.8"
  resolved "https://registry.yarnpkg.com/comma-separated-tokens/-/comma-separated-tokens-1.0.8.tgz#632b80b6117867a158f1080ad498b2fbe7e3f5ea"
  integrity sha512-GHuDRO12Sypu2cV70d1dkA2EUmXHgntrzbpvOB+Qy+49ypNfGgFQIC2fhhXbnyrJRynDCAARsT7Ou0M6hirpfw==

css-color-keywords@^1.0.0:
  version "1.0.0"
  resolved "https://registry.yarnpkg.com/css-color-keywords/-/css-color-keywords-1.0.0.tgz#fea2616dc676b2962686b3af8dbdbe180b244e05"
  integrity sha512-FyyrDHZKEjXDpNJYvVsV960FiqQyXc/LlYmsxl2BcdMb2WPx0OGRVgTg55rPSyLSNMqP52R9r8geSp7apN3Ofg==

css-to-react-native@3.2.0:
  version "3.2.0"
  resolved "https://registry.yarnpkg.com/css-to-react-native/-/css-to-react-native-3.2.0.tgz#cdd8099f71024e149e4f6fe17a7d46ecd55f1e32"
  integrity sha512-e8RKaLXMOFii+02mOlqwjbD00KSEKqblnpO9e++1aXS1fPQOpS1YoqdVHBqPjHNoxeF2mimzVqawm2KCbEdtHQ==
  dependencies:
    camelize "^1.0.0"
    css-color-keywords "^1.0.0"
    postcss-value-parser "^4.0.2"

csstype@3.1.3, csstype@^3.0.2:
  version "3.1.3"
  resolved "https://registry.yarnpkg.com/csstype/-/csstype-3.1.3.tgz#d80ff294d114fb0e6ac500fbf85b60137d7eff81"
  integrity sha512-M1uQkMl8rQK/szD0LNhtqxIPLpimGm8sOBwU7lLnCpSbTyY3yeU1Vc7l4KT5zT4s/yOxHH5O7tIuuLOCnLADRw==

detect-libc@^2.1.2:
  version "2.1.2"
  resolved "https://registry.yarnpkg.com/detect-libc/-/detect-libc-2.1.2.tgz#689c5dcdc1900ef5583a4cb9f6d7b473742074ad"
  integrity sha512-Btj2BOOO83o3WyH59e8MgXsxEQVcarkUOpEYrubB0urwnN10yQ364rsiByU11nZlqWYZm05i/of7io4mzihBtQ==

fault@^1.0.0:
  version "1.0.4"
  resolved "https://registry.yarnpkg.com/fault/-/fault-1.0.4.tgz#eafcfc0a6d214fc94601e170df29954a4f842f13"
  integrity sha512-CJ0HCB5tL5fYTEA7ToAq5+kTwd++Borf1/bifxd9iT70QcXr4MRrO3Llf8Ifs70q+SJcGHFtnIE/Nw6giCtECA==
  dependencies:
    format "^0.2.0"

format@^0.2.0:
  version "0.2.2"
  resolved "https://registry.yarnpkg.com/format/-/format-0.2.2.tgz#d6170107e9efdc4ed30c9dc39016df942b5cb58b"
  integrity sha512-wzsgA6WOq+09wrU1tsJ09udeR/YZRaeArL9e1wPbFg3GG2yDnC2ldKpxs4xunpFF9DgqCqOIra3bc1HWrJ37Ww==

hast-util-parse-selector@^2.0.0:
  version "2.2.5"
  resolved "https://registry.yarnpkg.com/hast-util-parse-selector/-/hast-util-parse-selector-2.2.5.tgz#d57c23f4da16ae3c63b3b6ca4616683313499c3a"
  integrity sha512-7j6mrk/qqkSehsM92wQjdIgWM2/BW61u/53G6xmC8i1OmEdKLHbk419QKQUjz6LglWsfqoiHmyMRkP1BGjecNQ==

hastscript@^6.0.0:
  version "6.0.0"
  resolved "https://registry.yarnpkg.com/hastscript/-/hastscript-6.0.0.tgz#e8768d7eac56c3fdeac8a92830d58e811e5bf640"
  integrity sha512-nDM6bvd7lIqDUiYEiu5Sl/+6ReP0BMk/2f4U/Rooccxkj0P5nm+acM5PrGJ/t5I8qPGiqZSE6hVAwZEdZIvP4w==
  dependencies:
    "@types/hast" "^2.0.0"
    comma-separated-tokens "^1.0.0"
    hast-util-parse-selector "^2.0.0"
    property-information "^5.0.0"
    space-separated-tokens "^1.0.0"

highlight.js@^10.4.1, highlight.js@~10.7.0:
  version "10.7.3"
  resolved "https://registry.yarnpkg.com/highlight.js/-/highlight.js-10.7.3.tgz#697272e3991356e40c3cac566a74eef681756531"
  integrity sha512-tzcUFauisWKNHaRkN4Wjl/ZA07gENAjFl3J/c480dprkGTg5EQstgaNFqBfUqCq54kZRIEcreTsAgF/m2quD7A==

highlightjs-vue@^1.0.0:
  version "1.0.0"
  resolved "https://registry.yarnpkg.com/highlightjs-vue/-/highlightjs-vue-1.0.0.tgz#fdfe97fbea6354e70ee44e3a955875e114db086d"
  integrity sha512-PDEfEF102G23vHmPhLyPboFCD+BkMGu+GuJe2d9/eH4FsCwvgBpnc9n0pGE+ffKdph38s6foEZiEjdgHdzp+IA==

is-alphabetical@^1.0.0:
  version "1.0.4"
  resolved "https://registry.yarnpkg.com/is-alphabetical/-/is-alphabetical-1.0.4.tgz#9e7d6b94916be22153745d184c298cbf986a686d"
  integrity sha512-DwzsA04LQ10FHTZuL0/grVDk4rFoVH1pjAToYwBrHSxcrBIGQuXrQMtD5U1b0U2XVgKZCTLLP8u2Qxqhy3l2Vg==

is-alphanumerical@^1.0.0:
  version "1.0.4"
  resolved "https://registry.yarnpkg.com/is-alphanumerical/-/is-alphanumerical-1.0.4.tgz#7eb9a2431f855f6b1ef1a78e326df515696c4dbf"
  integrity sha512-UzoZUr+XfVz3t3v4KyGEniVL9BDRoQtY7tOyrRybkVNjDFWyo1yhXNGrrBTQxp3ib9BLAWs7k2YKBQsFRkZG9A==
  dependencies:
    is-alphabetical "^1.0.0"
    is-decimal "^1.0.0"

is-decimal@^1.0.0:
  version "1.0.4"
  resolved "https://registry.yarnpkg.com/is-decimal/-/is-decimal-1.0.4.tgz#65a3a5958a1c5b63a706e1b333d7cd9f630d3fa5"
  integrity sha512-RGdriMmQQvZ2aqaQq3awNA6dCGtKpiDFcOzrTWrDAT2MiWrKQVPmxLGHl7Y2nNu6led0kEyoX0enY0qXYsv9zw==

is-hexadecimal@^1.0.0:
  version "1.0.4"
  resolved "https://registry.yarnpkg.com/is-hexadecimal/-/is-hexadecimal-1.0.4.tgz#cc35c97588da4bd49a8eedd6bc4082d44dcb23a7"
  integrity sha512-gyPJuv83bHMpocVYoqof5VDiZveEoGoFL8m3BXNb2VW8Xs+rz9kqO8LOQ5DH6EsuvilT1ApazU0pyl+ytbPtlw==

lowlight@^1.17.0:
  version "1.20.0"
  resolved "https://registry.yarnpkg.com/lowlight/-/lowlight-1.20.0.tgz#ddb197d33462ad0d93bf19d17b6c301aa3941888"
  integrity sha512-8Ktj+prEb1RoCPkEOrPMYUN/nCggB7qAWe3a7OpMjWQkh3l2RD5wKRQ+o8Q8YuI9RG/xs95waaI/E6ym/7NsTw==
  dependencies:
    fault "^1.0.0"
    highlight.js "~10.7.0"

nanoid@^3.3.6, nanoid@^3.3.7:
  version "3.3.11"
  resolved "https://registry.yarnpkg.com/nanoid/-/nanoid-3.3.11.tgz#4f4f112cefbe303202f2199838128936266d185b"
  integrity sha512-N8SpfPUnUp1bK+PMYW8qSWdl9U+wwNWI4QKxOYDy9JAro3WMX7p2OeVRF9v+347pnakNevPmiHhNmZ2HbFA76w==

next@latest:
  version "16.0.7"
  resolved "https://registry.yarnpkg.com/next/-/next-16.0.7.tgz#859045df71599a8883fc7049a65d6d468c56db08"
  integrity sha512-3mBRJyPxT4LOxAJI6IsXeFtKfiJUbjCLgvXO02fV8Wy/lIhPvP94Fe7dGhUgHXcQy4sSuYwQNcOLhIfOm0rL0A==
  dependencies:
    "@next/env" "16.0.7"
    "@swc/helpers" "0.5.15"
    caniuse-lite "^1.0.30001579"
    postcss "8.4.31"
    styled-jsx "5.1.6"
  optionalDependencies:
    "@next/swc-darwin-arm64" "16.0.7"
    "@next/swc-darwin-x64" "16.0.7"
    "@next/swc-linux-arm64-gnu" "16.0.7"
    "@next/swc-linux-arm64-musl" "16.0.7"
    "@next/swc-linux-x64-gnu" "16.0.7"
    "@next/swc-linux-x64-musl" "16.0.7"
    "@next/swc-win32-arm64-msvc" "16.0.7"
    "@next/swc-win32-x64-msvc" "16.0.7"
    sharp "^0.34.4"

parse-entities@^2.0.0:
  version "2.0.0"
  resolved "https://registry.yarnpkg.com/parse-entities/-/parse-entities-2.0.0.tgz#53c6eb5b9314a1f4ec99fa0fdf7ce01ecda0cbe8"
  integrity sha512-kkywGpCcRYhqQIchaWqZ875wzpS/bMKhz5HnN3p7wveJTkTtyAB/AlnS0f8DFSqYW1T82t6yEAkEcB+A1I3MbQ==
  dependencies:
    character-entities "^1.0.0"
    character-entities-legacy "^1.0.0"
    character-reference-invalid "^1.0.0"
    is-alphanumerical "^1.0.0"
    is-decimal "^1.0.0"
    is-hexadecimal "^1.0.0"

picocolors@^1.0.0, picocolors@^1.1.1:
  version "1.1.1"
  resolved "https://registry.yarnpkg.com/picocolors/-/picocolors-1.1.1.tgz#3d321af3eab939b083c8f929a1d12cda81c26b6b"
  integrity sha512-xceH2snhtb5M9liqDsmEw56le376mTZkEX/jEb/RxNFyegNul7eNslCXP9FDj/Lcu0X8KEyMceP2ntpaHrDEVA==

postcss-value-parser@^4.0.2:
  version "4.2.0"
  resolved "https://registry.yarnpkg.com/postcss-value-parser/-/postcss-value-parser-4.2.0.tgz#723c09920836ba6d3e5af019f92bc0971c02e514"
  integrity sha512-1NNCs6uurfkVbeXG4S8JFT9t19m45ICnif8zWLd5oPSZ50QnwMfK+H3jv408d4jw/7Bttv5axS5IiHoLaVNHeQ==

postcss@8.4.31:
  version "8.4.31"
  resolved "https://registry.yarnpkg.com/postcss/-/postcss-8.4.31.tgz#92b451050a9f914da6755af352bdc0192508656d"
  integrity sha512-PS08Iboia9mts/2ygV3eLpY5ghnUcfLV/EXTOW1E2qYxJKGGBUtNjN76FYHnMs36RmARn41bC0AZmn+rR0OVpQ==
  dependencies:
    nanoid "^3.3.6"
    picocolors "^1.0.0"
    source-map-js "^1.0.2"

postcss@8.4.49:
  version "8.4.49"
  resolved "https://registry.yarnpkg.com/postcss/-/postcss-8.4.49.tgz#4ea479048ab059ab3ae61d082190fabfd994fe19"
  integrity sha512-OCVPnIObs4N29kxTjzLfUryOkvZEq+pf8jTF0lg8E7uETuWHA+v7j3c/xJmiqpX450191LlmZfUKkXxkTry7nA==
  dependencies:
    nanoid "^3.3.7"
    picocolors "^1.1.1"
    source-map-js "^1.2.1"

prismjs@^1.27.0:
  version "1.30.0"
  resolved "https://registry.yarnpkg.com/prismjs/-/prismjs-1.30.0.tgz#d9709969d9d4e16403f6f348c63553b19f0975a9"
  integrity sha512-DEvV2ZF2r2/63V+tK8hQvrR2ZGn10srHbXviTlcv7Kpzw8jWiNTqbVgjO3IY8RxrrOUF8VPMQQFysYYYv0YZxw==

prismjs@~1.27.0:
  version "1.27.0"
  resolved "https://registry.yarnpkg.com/prismjs/-/prismjs-1.27.0.tgz#bb6ee3138a0b438a3653dd4d6ce0cc6510a45057"
  integrity sha512-t13BGPUlFDR7wRB5kQDG4jjl7XeuH6jbJGt11JHPL96qwsEHNX2+68tFXqc1/k+/jALsbSWJKUOT/hcYAZ5LkA==

property-information@^5.0.0:
  version "5.6.0"
  resolved "https://registry.yarnpkg.com/property-information/-/property-information-5.6.0.tgz#61675545fb23002f245c6540ec46077d4da3ed69"
  integrity sha512-YUHSPk+A30YPv+0Qf8i9Mbfe/C0hdPXk1s1jPVToV8pk8BQtpw10ct89Eo7OWkutrwqvT0eicAxlOg3dOAu8JA==
  dependencies:
    xtend "^4.0.0"

react-code-blocks@^0.1.6:
  version "0.1.6"
  resolved "https://registry.yarnpkg.com/react-code-blocks/-/react-code-blocks-0.1.6.tgz#ec64e7899223d3e910eb916465a66d95ce1ae1b2"
  integrity sha512-ENNuxG07yO+OuX1ChRje3ieefPRz6yrIpHmebQlaFQgzcAHbUfVeTINpOpoI9bSRSObeYo/OdHsporeToZ7fcg==
  dependencies:
    "@babel/runtime" "^7.10.4"
    react-syntax-highlighter "^15.5.0"
    styled-components "^6.1.0"
    tslib "^2.6.0"

react-dom@^19.1.0:
  version "19.1.0"
  resolved "https://registry.yarnpkg.com/react-dom/-/react-dom-19.1.0.tgz#133558deca37fa1d682708df8904b25186793623"
  integrity sha512-Xs1hdnE+DyKgeHJeJznQmYMIBG3TKIHJJT95Q58nHLSrElKlGQqDTR2HQ9fx5CN/Gk6Vh/kupBTDLU11/nDk/g==
  dependencies:
    scheduler "^0.26.0"

react-syntax-highlighter@^15.5.0:
  version "15.6.1"
  resolved "https://registry.yarnpkg.com/react-syntax-highlighter/-/react-syntax-highlighter-15.6.1.tgz#fa567cb0a9f96be7bbccf2c13a3c4b5657d9543e"
  integrity sha512-OqJ2/vL7lEeV5zTJyG7kmARppUjiB9h9udl4qHQjjgEos66z00Ia0OckwYfRxCSFrW8RJIBnsBwQsHZbVPspqg==
  dependencies:
    "@babel/runtime" "^7.3.1"
    highlight.js "^10.4.1"
    highlightjs-vue "^1.0.0"
    lowlight "^1.17.0"
    prismjs "^1.27.0"
    refractor "^3.6.0"

react@latest:
  version "19.1.0"
  resolved "https://registry.yarnpkg.com/react/-/react-19.1.0.tgz#926864b6c48da7627f004795d6cce50e90793b75"
  integrity sha512-FS+XFBNvn3GTAWq26joslQgWNoFu08F4kl0J4CgdNKADkdSGXQyTCnKteIAJy96Br6YbpEU1LSzV5dYtjMkMDg==

refractor@^3.6.0:
  version "3.6.0"
  resolved "https://registry.yarnpkg.com/refractor/-/refractor-3.6.0.tgz#ac318f5a0715ead790fcfb0c71f4dd83d977935a"
  integrity sha512-MY9W41IOWxxk31o+YvFCNyNzdkc9M20NoZK5vq6jkv4I/uh2zkWcfudj0Q1fovjUQJrNewS9NMzeTtqPf+n5EA==
  dependencies:
    hastscript "^6.0.0"
    parse-entities "^2.0.0"
    prismjs "~1.27.0"

regenerator-runtime@^0.14.0:
  version "0.14.1"
  resolved "https://registry.yarnpkg.com/regenerator-runtime/-/regenerator-runtime-0.14.1.tgz#356ade10263f685dda125100cd862c1db895327f"
  integrity sha512-dYnhHh0nJoMfnkZs6GmmhFknAGRrLznOu5nc9ML+EJxGvrx6H7teuevqVqCuPcPK//3eDrrjQhehXVx9cnkGdw==

scheduler@^0.26.0:
  version "0.26.0"
  resolved "https://registry.yarnpkg.com/scheduler/-/scheduler-0.26.0.tgz#4ce8a8c2a2095f13ea11bf9a445be50c555d6337"
  integrity sha512-NlHwttCI/l5gCPR3D1nNXtWABUmBwvZpEQiD4IXSbIDq8BzLIK/7Ir5gTFSGZDUu37K5cMNp0hFtzO38sC7gWA==

semver@^7.7.3:
  version "7.7.3"
  resolved "https://registry.yarnpkg.com/semver/-/semver-7.7.3.tgz#4b5f4143d007633a8dc671cd0a6ef9147b8bb946"
  integrity sha512-SdsKMrI9TdgjdweUSR9MweHA4EJ8YxHn8DFaDisvhVlUOe4BF1tLD7GAj0lIqWVl+dPb/rExr0Btby5loQm20Q==

shallowequal@1.1.0:
  version "1.1.0"
  resolved "https://registry.yarnpkg.com/shallowequal/-/shallowequal-1.1.0.tgz#188d521de95b9087404fd4dcb68b13df0ae4e7f8"
  integrity sha512-y0m1JoUZSlPAjXVtPPW70aZWfIL/dSP7AFkRnniLCrK/8MDKog3TySTBmckD+RObVxH0v4Tox67+F14PdED2oQ==

sharp@^0.34.4:
  version "0.34.5"
  resolved "https://registry.yarnpkg.com/sharp/-/sharp-0.34.5.tgz#b6f148e4b8c61f1797bde11a9d1cfebbae2c57b0"
  integrity sha512-Ou9I5Ft9WNcCbXrU9cMgPBcCK8LiwLqcbywW3t4oDV37n1pzpuNLsYiAV8eODnjbtQlSDwZ2cUEeQz4E54Hltg==
  dependencies:
    "@img/colour" "^1.0.0"
    detect-libc "^2.1.2"
    semver "^7.7.3"
  optionalDependencies:
    "@img/sharp-darwin-arm64" "0.34.5"
    "@img/sharp-darwin-x64" "0.34.5"
    "@img/sharp-libvips-darwin-arm64" "1.2.4"
    "@img/sharp-libvips-darwin-x64" "1.2.4"
    "@img/sharp-libvips-linux-arm" "1.2.4"
    "@img/sharp-libvips-linux-arm64" "1.2.4"
    "@img/sharp-libvips-linux-ppc64" "1.2.4"
    "@img/sharp-libvips-linux-riscv64" "1.2.4"
    "@img/sharp-libvips-linux-s390x" "1.2.4"
    "@img/sharp-libvips-linux-x64" "1.2.4"
    "@img/sharp-libvips-linuxmusl-arm64" "1.2.4"
    "@img/sharp-libvips-linuxmusl-x64" "1.2.4"
    "@img/sharp-linux-arm" "0.34.5"
    "@img/sharp-linux-arm64" "0.34.5"
    "@img/sharp-linux-ppc64" "0.34.5"
    "@img/sharp-linux-riscv64" "0.34.5"
    "@img/sharp-linux-s390x" "0.34.5"
    "@img/sharp-linux-x64" "0.34.5"
    "@img/sharp-linuxmusl-arm64" "0.34.5"
    "@img/sharp-linuxmusl-x64" "0.34.5"
    "@img/sharp-wasm32" "0.34.5"
    "@img/sharp-win32-arm64" "0.34.5"
    "@img/sharp-win32-ia32" "0.34.5"
    "@img/sharp-win32-x64" "0.34.5"

source-map-js@^1.0.2, source-map-js@^1.2.1:
  version "1.2.1"
  resolved "https://registry.yarnpkg.com/source-map-js/-/source-map-js-1.2.1.tgz#1ce5650fddd87abc099eda37dcff024c2667ae46"
  integrity sha512-UXWMKhLOwVKb728IUtQPXxfYU+usdybtUrK/8uGE8CQMvrhOpwvzDBwj0QhSL7MQc7vIsISBG8VQ8+IDQxpfQA==

space-separated-tokens@^1.0.0:
  version "1.1.5"
  resolved "https://registry.yarnpkg.com/space-separated-tokens/-/space-separated-tokens-1.1.5.tgz#85f32c3d10d9682007e917414ddc5c26d1aa6899"
  integrity sha512-q/JSVd1Lptzhf5bkYm4ob4iWPjx0KiRe3sRFBNrVqbJkFaBm5vbbowy1mymoPNLRa52+oadOhJ+K49wsSeSjTA==

styled-components@^6.1.0:
  version "6.1.17"
  resolved "https://registry.yarnpkg.com/styled-components/-/styled-components-6.1.17.tgz#59032edd7efa59e114ddbc41165f0984d0fa4fb7"
  integrity sha512-97D7DwWanI7nN24v0D4SvbfjLE9656umNSJZkBkDIWL37aZqG/wRQ+Y9pWtXyBIM/NSfcBzHLErEsqHmJNSVUg==
  dependencies:
    "@emotion/is-prop-valid" "1.2.2"
    "@emotion/unitless" "0.8.1"
    "@types/stylis" "4.2.5"
    css-to-react-native "3.2.0"
    csstype "3.1.3"
    postcss "8.4.49"
    shallowequal "1.1.0"
    stylis "4.3.2"
    tslib "2.6.2"

styled-jsx@5.1.6:
  version "5.1.6"
  resolved "https://registry.yarnpkg.com/styled-jsx/-/styled-jsx-5.1.6.tgz#83b90c077e6c6a80f7f5e8781d0f311b2fe41499"
  integrity sha512-qSVyDTeMotdvQYoHWLNGwRFJHC+i+ZvdBRYosOFgC+Wg1vx4frN2/RG/NA7SYqqvKNLf39P2LSRA2pu6n0XYZA==
  dependencies:
    client-only "0.0.1"

stylis@4.3.2:
  version "4.3.2"
  resolved "https://registry.yarnpkg.com/stylis/-/stylis-4.3.2.tgz#8f76b70777dd53eb669c6f58c997bf0a9972e444"
  integrity sha512-bhtUjWd/z6ltJiQwg0dUfxEJ+W+jdqQd8TbWLWyeIJHlnsqmGLRFFd8e5mA0AZi/zx90smXRlN66YMTcaSFifg==

tslib@2.6.2:
  version "2.6.2"
  resolved "https://registry.yarnpkg.com/tslib/-/tslib-2.6.2.tgz#703ac29425e7b37cd6fd456e92404d46d1f3e4ae"
  integrity sha512-AEYxH93jGFPn/a2iVAwW87VuUIkR1FVUKB77NwMF7nBTDkDrrT/Hpt/IrCJ0QXhW27jTBDcf5ZY7w6RiqTMw2Q==

tslib@^2.4.0, tslib@^2.6.0, tslib@^2.8.0:
  version "2.8.1"
  resolved "https://registry.yarnpkg.com/tslib/-/tslib-2.8.1.tgz#612efe4ed235d567e8aba5f2a5fab70280ade83f"
  integrity sha512-oJFu94HQb+KVduSUQL7wnpmqnfmLsOA/nAh6b6EH0wCEoK0/mPeXU6c3wKDV83MkOuHPRHtSXKKU99IBazS/2w==

typescript@latest:
  version "5.8.3"
  resolved "https://registry.yarnpkg.com/typescript/-/typescript-5.8.3.tgz#92f8a3e5e3cf497356f4178c34cd65a7f5e8440e"
  integrity sha512-p1diW6TqL9L07nNxvRMM7hMMw4c5XOo/1ibL4aAIGmSAt9slTE1Xgw5KWuof2uTOvCg9BY7ZRi+GaF+7sfgPeQ==

undici-types@~6.21.0:
  version "6.21.0"
  resolved "https://registry.yarnpkg.com/undici-types/-/undici-types-6.21.0.tgz#691d00af3909be93a7faa13be61b3a5b50ef12cb"
  integrity sha512-iwDZqg0QAGrg9Rav5H4n0M64c3mkR59cJ6wQp+7C4nI0gsmExaedaYLNO44eT4AtBBwjbTiGPMlt2Md0T9H9JQ==

xtend@^4.0.0:
  version "4.0.2"
  resolved "https://registry.yarnpkg.com/xtend/-/xtend-4.0.2.tgz#bb72779f5fa465186b1f438f674fa347fdb5db54"
  integrity sha512-LKYU1iAXJXUgAXn9URjiu+MWhyUXHsvfp7mcuYm9dSUKK0/CjtrUwFAxD82/mCWbtLsGjFIad0wIsod4zrTAEQ==
